
Microsoft Visual Studio Solution File, Format Version 12.00
# Visual Studio Version 17
VisualStudioVersion = 17.10.35013.160
MinimumVisualStudioVersion = 10.0.40219.1
Project("{FAE04EC0-301F-11D3-BF4B-00C04F79EFBC}") = "MovieStoreApp", "MovieStoreApp.csproj", "{60473361-3E15-445A-978F-5CE7396719E4}"
EndProject
Global
	GlobalSection(SolutionConfigurationPlatforms) = preSolution
		Debug|Any CPU = Debug|Any CPU
		Release|Any CPU = Release|Any CPU
	EndGlobalSection
	GlobalSection(ProjectConfigurationPlatforms) = postSolution
		{60473361-3E15-445A-978F-5CE7396719E4}.Debug|Any CPU.ActiveCfg = Debug|Any CPU
		{60473361-3E15-445A-978F-5CE7396719E4}.Debug|Any CPU.Build.0 = Debug|Any CPU
		{60473361-3E15-445A-978F-5CE7396719E4}.Release|Any CPU.ActiveCfg = Release|Any CPU
		{60473361-3E15-445A-978F-5CE7396719E4}.Release|Any CPU.Build.0 = Release|Any CPU
	EndGlobalSection
	GlobalSection(SolutionProperties) = preSolution
		HideSolutionNode = FALSE
	EndGlobalSection
	GlobalSection(ExtensibilityGlobals) = postSolution
		SolutionGuid = {BF1B7F75-7081-41BE-B79C-688CACA56FCC}
	EndGlobalSection
EndGlobal
